
Microsoft Visual Studio Solution File, Format Version 12.00
# Visual Studio 14
VisualStudioVersion = 14.0.25420.1
MinimumVisualStudioVersion = 10.0.40219.1
Project("{FAE04EC0-301F-11D3-BF4B-00C04F79EFBC}") = "IntegerList", "IntegerList\IntegerList.csproj", "{DED461B5-3466-45B1-ADC1-F3AB61A6D8EB}"
EndProject
Project("{FAE04EC0-301F-11D3-BF4B-00C04F79EFBC}") = "ConsoleApplication1", "ConsoleApplication1\ConsoleApplication1.csproj", "{6D714F1C-934E-464E-908B-605C28148BB3}"
EndProject
Project("{FAE04EC0-301F-11D3-BF4B-00C04F79EFBC}") = "GenericList", "GenericList\GenericList.csproj", "{4EF2F94B-2B17-4680-912F-7BCC9A8A054D}"
EndProject
Project("{FAE04EC0-301F-11D3-BF4B-00C04F79EFBC}") = "Pong", "Pong\Pong.csproj", "{A2570417-6A80-4EDB-91BA-38C445E0845B}"
EndProject
Global
	GlobalSection(SolutionConfigurationPlatforms) = preSolution
		Debug|Any CPU = Debug|Any CPU
		Debug|x86 = Debug|x86
		Release|Any CPU = Release|Any CPU
		Release|x86 = Release|x86
	EndGlobalSection
	GlobalSection(ProjectConfigurationPlatforms) = postSolution
		{DED461B5-3466-45B1-ADC1-F3AB61A6D8EB}.Debug|Any CPU.ActiveCfg = Debug|Any CPU
		{DED461B5-3466-45B1-ADC1-F3AB61A6D8EB}.Debug|Any CPU.Build.0 = Debug|Any CPU
		{DED461B5-3466-45B1-ADC1-F3AB61A6D8EB}.Debug|x86.ActiveCfg = Debug|Any CPU
		{DED461B5-3466-45B1-ADC1-F3AB61A6D8EB}.Debug|x86.Build.0 = Debug|Any CPU
		{DED461B5-3466-45B1-ADC1-F3AB61A6D8EB}.Release|Any CPU.ActiveCfg = Release|Any CPU
		{DED461B5-3466-45B1-ADC1-F3AB61A6D8EB}.Release|Any CPU.Build.0 = Release|Any CPU
		{DED461B5-3466-45B1-ADC1-F3AB61A6D8EB}.Release|x86.ActiveCfg = Release|Any CPU
		{DED461B5-3466-45B1-ADC1-F3AB61A6D8EB}.Release|x86.Build.0 = Release|Any CPU
		{6D714F1C-934E-464E-908B-605C28148BB3}.Debug|Any CPU.ActiveCfg = Debug|Any CPU
		{6D714F1C-934E-464E-908B-605C28148BB3}.Debug|Any CPU.Build.0 = Debug|Any CPU
		{6D714F1C-934E-464E-908B-605C28148BB3}.Debug|x86.ActiveCfg = Debug|Any CPU
		{6D714F1C-934E-464E-908B-605C28148BB3}.Debug|x86.Build.0 = Debug|Any CPU
		{6D714F1C-934E-464E-908B-605C28148BB3}.Release|Any CPU.ActiveCfg = Release|Any CPU
		{6D714F1C-934E-464E-908B-605C28148BB3}.Release|Any CPU.Build.0 = Release|Any CPU
		{6D714F1C-934E-464E-908B-605C28148BB3}.Release|x86.ActiveCfg = Release|Any CPU
		{6D714F1C-934E-464E-908B-605C28148BB3}.Release|x86.Build.0 = Release|Any CPU
		{4EF2F94B-2B17-4680-912F-7BCC9A8A054D}.Debug|Any CPU.ActiveCfg = Debug|Any CPU
		{4EF2F94B-2B17-4680-912F-7BCC9A8A054D}.Debug|Any CPU.Build.0 = Debug|Any CPU
		{4EF2F94B-2B17-4680-912F-7BCC9A8A054D}.Debug|x86.ActiveCfg = Debug|Any CPU
		{4EF2F94B-2B17-4680-912F-7BCC9A8A054D}.Debug|x86.Build.0 = Debug|Any CPU
		{4EF2F94B-2B17-4680-912F-7BCC9A8A054D}.Release|Any CPU.ActiveCfg = Release|Any CPU
		{4EF2F94B-2B17-4680-912F-7BCC9A8A054D}.Release|Any CPU.Build.0 = Release|Any CPU
		{4EF2F94B-2B17-4680-912F-7BCC9A8A054D}.Release|x86.ActiveCfg = Release|Any CPU
		{4EF2F94B-2B17-4680-912F-7BCC9A8A054D}.Release|x86.Build.0 = Release|Any CPU
		{A2570417-6A80-4EDB-91BA-38C445E0845B}.Debug|Any CPU.ActiveCfg = Debug|x86
		{A2570417-6A80-4EDB-91BA-38C445E0845B}.Debug|x86.ActiveCfg = Debug|x86
		{A2570417-6A80-4EDB-91BA-38C445E0845B}.Debug|x86.Build.0 = Debug|x86
		{A2570417-6A80-4EDB-91BA-38C445E0845B}.Release|Any CPU.ActiveCfg = Release|x86
		{A2570417-6A80-4EDB-91BA-38C445E0845B}.Release|x86.ActiveCfg = Release|x86
		{A2570417-6A80-4EDB-91BA-38C445E0845B}.Release|x86.Build.0 = Release|x86
	EndGlobalSection
	GlobalSection(SolutionProperties) = preSolution
		HideSolutionNode = FALSE
	EndGlobalSection
EndGlobal
